// !$*UTF8*$!
{
	archiveVersion = 1;
	classes = {
	};
	objectVersion = 51;
	objects = {

/* Begin PBXBuildFile section */
		023BFC78838C06380EB1C3AA /* Pods_DeepLinkLauncher.framework in Frameworks */ = {isa = PBXBuildFile; fileRef = CCDBF5DB0052B6A8E5362934 /* Pods_DeepLinkLauncher.framework */; };
		41016D5D24D07C69005A262E /* Mocks.swift in Sources */ = {isa = PBXBuildFile; fileRef = 41016D5C24D07C69005A262E /* Mocks.swift */; };
		41016D5F24D08072005A262E /* ApplicationEvents.swift in Sources */ = {isa = PBXBuildFile; fileRef = 41016D5E24D08072005A262E /* ApplicationEvents.swift */; };
		410DFD3F24CB6C3B00E482FC /* AppDelegate.swift in Sources */ = {isa = PBXBuildFile; fileRef = 410DFD3E24CB6C3B00E482FC /* AppDelegate.swift */; };
		410DFD4124CB6C3B00E482FC /* SceneDelegate.swift in Sources */ = {isa = PBXBuildFile; fileRef = 410DFD4024CB6C3B00E482FC /* SceneDelegate.swift */; };
		410DFD4624CB6C3B00E482FC /* Main.storyboard in Resources */ = {isa = PBXBuildFile; fileRef = 410DFD4424CB6C3B00E482FC /* Main.storyboard */; };
		410DFD4824CB6C3F00E482FC /* Assets.xcassets in Resources */ = {isa = PBXBuildFile; fileRef = 410DFD4724CB6C3F00E482FC /* Assets.xcassets */; };
		410DFD4B24CB6C3F00E482FC /* LaunchScreen.storyboard in Resources */ = {isa = PBXBuildFile; fileRef = 410DFD4924CB6C3F00E482FC /* LaunchScreen.storyboard */; };
		41C2355324CB738D00BAFAE7 /* TabBarController.swift in Sources */ = {isa = PBXBuildFile; fileRef = 41C2355224CB738D00BAFAE7 /* TabBarController.swift */; };
		41C2355524CB739D00BAFAE7 /* LinkLauncherViewController.swift in Sources */ = {isa = PBXBuildFile; fileRef = 41C2355424CB739D00BAFAE7 /* LinkLauncherViewController.swift */; };
		41C2355724CB73AC00BAFAE7 /* HistoryViewController.swift in Sources */ = {isa = PBXBuildFile; fileRef = 41C2355624CB73AC00BAFAE7 /* HistoryViewController.swift */; };
		41C2355A24CB757D00BAFAE7 /* StorageManager.swift in Sources */ = {isa = PBXBuildFile; fileRef = 41C2355924CB757D00BAFAE7 /* StorageManager.swift */; };
		41C2355C24CB75C500BAFAE7 /* StorageManagerTests.swift in Sources */ = {isa = PBXBuildFile; fileRef = 41C2355B24CB75C500BAFAE7 /* StorageManagerTests.swift */; };
		41C2355F24CB76F300BAFAE7 /* Launcher.swift in Sources */ = {isa = PBXBuildFile; fileRef = 41C2355E24CB76F300BAFAE7 /* Launcher.swift */; };
		41C2356124CB770F00BAFAE7 /* LauncherTests.swift in Sources */ = {isa = PBXBuildFile; fileRef = 41C2356024CB770F00BAFAE7 /* LauncherTests.swift */; };
		41C2356424CB77E200BAFAE7 /* HistoryPresenter.swift in Sources */ = {isa = PBXBuildFile; fileRef = 41C2356324CB77E200BAFAE7 /* HistoryPresenter.swift */; };
		41C2356624CB780200BAFAE7 /* HistoryPresenterTests.swift in Sources */ = {isa = PBXBuildFile; fileRef = 41C2356524CB780200BAFAE7 /* HistoryPresenterTests.swift */; };
		41C2356824CB78FD00BAFAE7 /* LauncherPresenter.swift in Sources */ = {isa = PBXBuildFile; fileRef = 41C2356724CB78FD00BAFAE7 /* LauncherPresenter.swift */; };
		41C2356A24CB791900BAFAE7 /* LauncherPresenterTests.swift in Sources */ = {isa = PBXBuildFile; fileRef = 41C2356924CB791900BAFAE7 /* LauncherPresenterTests.swift */; };
		FA49D0BD0552B746D3D5A6F0 /* Pods_DeepLinkLauncherTests.framework in Frameworks */ = {isa = PBXBuildFile; fileRef = 08DF90BC50EF05C9A1D8C632 /* Pods_DeepLinkLauncherTests.framework */; };
/* End PBXBuildFile section */

/* Begin PBXContainerItemProxy section */
		410DFD5224CB6C3F00E482FC /* PBXContainerItemProxy */ = {
			isa = PBXContainerItemProxy;
			containerPortal = 410DFD3324CB6C3B00E482FC /* Project object */;
			proxyType = 1;
			remoteGlobalIDString = 410DFD3A24CB6C3B00E482FC;
			remoteInfo = DeepLinkLauncher;
		};
/* End PBXContainerItemProxy section */

/* Begin PBXFileReference section */
		04DF84265F1E516A9B20E4BE /* Pods-DeepLinkLauncher.release.xcconfig */ = {isa = PBXFileReference; includeInIndex = 1; lastKnownFileType = text.xcconfig; name = "Pods-DeepLinkLauncher.release.xcconfig"; path = "Target Support Files/Pods-DeepLinkLauncher/Pods-DeepLinkLauncher.release.xcconfig"; sourceTree = "<group>"; };
		0682DBAFD0C776529D614180 /* Pods-DeepLinkLauncher.debug.xcconfig */ = {isa = PBXFileReference; includeInIndex = 1; lastKnownFileType = text.xcconfig; name = "Pods-DeepLinkLauncher.debug.xcconfig"; path = "Target Support Files/Pods-DeepLinkLauncher/Pods-DeepLinkLauncher.debug.xcconfig"; sourceTree = "<group>"; };
		08DF90BC50EF05C9A1D8C632 /* Pods_DeepLinkLauncherTests.framework */ = {isa = PBXFileReference; explicitFileType = wrapper.framework; includeInIndex = 0; path = Pods_DeepLinkLauncherTests.framework; sourceTree = BUILT_PRODUCTS_DIR; };
		41016D5C24D07C69005A262E /* Mocks.swift */ = {isa = PBXFileReference; lastKnownFileType = sourcecode.swift; path = Mocks.swift; sourceTree = "<group>"; };
		41016D5E24D08072005A262E /* ApplicationEvents.swift */ = {isa = PBXFileReference; lastKnownFileType = sourcecode.swift; path = ApplicationEvents.swift; sourceTree = "<group>"; };
		410DFD3B24CB6C3B00E482FC /* DeepLinkLauncher.app */ = {isa = PBXFileReference; explicitFileType = wrapper.application; includeInIndex = 0; path = DeepLinkLauncher.app; sourceTree = BUILT_PRODUCTS_DIR; };
		410DFD3E24CB6C3B00E482FC /* AppDelegate.swift */ = {isa = PBXFileReference; lastKnownFileType = sourcecode.swift; path = AppDelegate.swift; sourceTree = "<group>"; };
		410DFD4024CB6C3B00E482FC /* SceneDelegate.swift */ = {isa = PBXFileReference; lastKnownFileType = sourcecode.swift; path = SceneDelegate.swift; sourceTree = "<group>"; };
		410DFD4524CB6C3B00E482FC /* Base */ = {isa = PBXFileReference; lastKnownFileType = file.storyboard; name = Base; path = Base.lproj/Main.storyboard; sourceTree = "<group>"; };
		410DFD4724CB6C3F00E482FC /* Assets.xcassets */ = {isa = PBXFileReference; lastKnownFileType = folder.assetcatalog; path = Assets.xcassets; sourceTree = "<group>"; };
		410DFD4A24CB6C3F00E482FC /* Base */ = {isa = PBXFileReference; lastKnownFileType = file.storyboard; name = Base; path = Base.lproj/LaunchScreen.storyboard; sourceTree = "<group>"; };
		410DFD4C24CB6C3F00E482FC /* Info.plist */ = {isa = PBXFileReference; lastKnownFileType = text.plist.xml; path = Info.plist; sourceTree = "<group>"; };
		410DFD5124CB6C3F00E482FC /* DeepLinkLauncherTests.xctest */ = {isa = PBXFileReference; explicitFileType = wrapper.cfbundle; includeInIndex = 0; path = DeepLinkLauncherTests.xctest; sourceTree = BUILT_PRODUCTS_DIR; };
		410DFD5724CB6C4000E482FC /* Info.plist */ = {isa = PBXFileReference; lastKnownFileType = text.plist.xml; path = Info.plist; sourceTree = "<group>"; };
		41C2355224CB738D00BAFAE7 /* TabBarController.swift */ = {isa = PBXFileReference; lastKnownFileType = sourcecode.swift; path = TabBarController.swift; sourceTree = "<group>"; };
		41C2355424CB739D00BAFAE7 /* LinkLauncherViewController.swift */ = {isa = PBXFileReference; lastKnownFileType = sourcecode.swift; path = LinkLauncherViewController.swift; sourceTree = "<group>"; };
		41C2355624CB73AC00BAFAE7 /* HistoryViewController.swift */ = {isa = PBXFileReference; lastKnownFileType = sourcecode.swift; path = HistoryViewController.swift; sourceTree = "<group>"; };
		41C2355924CB757D00BAFAE7 /* StorageManager.swift */ = {isa = PBXFileReference; lastKnownFileType = sourcecode.swift; path = StorageManager.swift; sourceTree = "<group>"; };
		41C2355B24CB75C500BAFAE7 /* StorageManagerTests.swift */ = {isa = PBXFileReference; lastKnownFileType = sourcecode.swift; path = StorageManagerTests.swift; sourceTree = "<group>"; };
		41C2355E24CB76F300BAFAE7 /* Launcher.swift */ = {isa = PBXFileReference; lastKnownFileType = sourcecode.swift; path = Launcher.swift; sourceTree = "<group>"; };
		41C2356024CB770F00BAFAE7 /* LauncherTests.swift */ = {isa = PBXFileReference; lastKnownFileType = sourcecode.swift; path = LauncherTests.swift; sourceTree = "<group>"; };
		41C2356324CB77E200BAFAE7 /* HistoryPresenter.swift */ = {isa = PBXFileReference; lastKnownFileType = sourcecode.swift; path = HistoryPresenter.swift; sourceTree = "<group>"; };
		41C2356524CB780200BAFAE7 /* HistoryPresenterTests.swift */ = {isa = PBXFileReference; lastKnownFileType = sourcecode.swift; path = HistoryPresenterTests.swift; sourceTree = "<group>"; };
		41C2356724CB78FD00BAFAE7 /* LauncherPresenter.swift */ = {isa = PBXFileReference; lastKnownFileType = sourcecode.swift; path = LauncherPresenter.swift; sourceTree = "<group>"; };
		41C2356924CB791900BAFAE7 /* LauncherPresenterTests.swift */ = {isa = PBXFileReference; lastKnownFileType = sourcecode.swift; path = LauncherPresenterTests.swift; sourceTree = "<group>"; };
		684A1D4981B271F7CAA0A146 /* Pods-DeepLinkLauncherTests.debug.xcconfig */ = {isa = PBXFileReference; includeInIndex = 1; lastKnownFileType = text.xcconfig; name = "Pods-DeepLinkLauncherTests.debug.xcconfig"; path = "Target Support Files/Pods-DeepLinkLauncherTests/Pods-DeepLinkLauncherTests.debug.xcconfig"; sourceTree = "<group>"; };
		CCDBF5DB0052B6A8E5362934 /* Pods_DeepLinkLauncher.framework */ = {isa = PBXFileReference; explicitFileType = wrapper.framework; includeInIndex = 0; path = Pods_DeepLinkLauncher.framework; sourceTree = BUILT_PRODUCTS_DIR; };
		F2BE4B70A16B447A8FBF3442 /* Pods-DeepLinkLauncherTests.release.xcconfig */ = {isa = PBXFileReference; includeInIndex = 1; lastKnownFileType = text.xcconfig; name = "Pods-DeepLinkLauncherTests.release.xcconfig"; path = "Target Support Files/Pods-DeepLinkLauncherTests/Pods-DeepLinkLauncherTests.release.xcconfig"; sourceTree = "<group>"; };
/* End PBXFileReference section */

/* Begin PBXFrameworksBuildPhase section */
		410DFD3824CB6C3B00E482FC /* Frameworks */ = {
			isa = PBXFrameworksBuildPhase;
			buildActionMask = 2147483647;
			files = (
				023BFC78838C06380EB1C3AA /* Pods_DeepLinkLauncher.framework in Frameworks */,
			);
			runOnlyForDeploymentPostprocessing = 0;
		};
		410DFD4E24CB6C3F00E482FC /* Frameworks */ = {
			isa = PBXFrameworksBuildPhase;
			buildActionMask = 2147483647;
			files = (
				FA49D0BD0552B746D3D5A6F0 /* Pods_DeepLinkLauncherTests.framework in Frameworks */,
			);
			runOnlyForDeploymentPostprocessing = 0;
		};
/* End PBXFrameworksBuildPhase section */

/* Begin PBXGroup section */
		1EF589E8DA1C0F3D7E68169C /* Pods */ = {
			isa = PBXGroup;
			children = (
				0682DBAFD0C776529D614180 /* Pods-DeepLinkLauncher.debug.xcconfig */,
				04DF84265F1E516A9B20E4BE /* Pods-DeepLinkLauncher.release.xcconfig */,
				684A1D4981B271F7CAA0A146 /* Pods-DeepLinkLauncherTests.debug.xcconfig */,
				F2BE4B70A16B447A8FBF3442 /* Pods-DeepLinkLauncherTests.release.xcconfig */,
			);
			path = Pods;
			sourceTree = "<group>";
		};
		410DFD3224CB6C3B00E482FC = {
			isa = PBXGroup;
			children = (
				410DFD3D24CB6C3B00E482FC /* DeepLinkLauncher */,
				410DFD5424CB6C3F00E482FC /* DeepLinkLauncherTests */,
				410DFD3C24CB6C3B00E482FC /* Products */,
				1EF589E8DA1C0F3D7E68169C /* Pods */,
				426C1E079F13F887F6D55AC9 /* Frameworks */,
			);
			sourceTree = "<group>";
		};
		410DFD3C24CB6C3B00E482FC /* Products */ = {
			isa = PBXGroup;
			children = (
				410DFD3B24CB6C3B00E482FC /* DeepLinkLauncher.app */,
				410DFD5124CB6C3F00E482FC /* DeepLinkLauncherTests.xctest */,
			);
			name = Products;
			sourceTree = "<group>";
		};
		410DFD3D24CB6C3B00E482FC /* DeepLinkLauncher */ = {
			isa = PBXGroup;
			children = (
				410DFD3E24CB6C3B00E482FC /* AppDelegate.swift */,
				410DFD4724CB6C3F00E482FC /* Assets.xcassets */,
				41C2355D24CB76DC00BAFAE7 /* BusinessLogic */,
				410DFD4C24CB6C3F00E482FC /* Info.plist */,
				410DFD4924CB6C3F00E482FC /* LaunchScreen.storyboard */,
				410DFD4424CB6C3B00E482FC /* Main.storyboard */,
				410DFD4024CB6C3B00E482FC /* SceneDelegate.swift */,
				41C2355824CB753600BAFAE7 /* Storage */,
				41C2355124CB6CCA00BAFAE7 /* ViewControllers */,
				41C2356224CB77CD00BAFAE7 /* Presenters */,
			);
			path = DeepLinkLauncher;
			sourceTree = "<group>";
		};
		410DFD5424CB6C3F00E482FC /* DeepLinkLauncherTests */ = {
			isa = PBXGroup;
			children = (
				41C2356924CB791900BAFAE7 /* LauncherPresenterTests.swift */,
				41C2356524CB780200BAFAE7 /* HistoryPresenterTests.swift */,
				41C2356024CB770F00BAFAE7 /* LauncherTests.swift */,
				41C2355B24CB75C500BAFAE7 /* StorageManagerTests.swift */,
				410DFD5724CB6C4000E482FC /* Info.plist */,
				41016D5C24D07C69005A262E /* Mocks.swift */,
			);
			path = DeepLinkLauncherTests;
			sourceTree = "<group>";
		};
		41C2355124CB6CCA00BAFAE7 /* ViewControllers */ = {
			isa = PBXGroup;
			children = (
				41C2355224CB738D00BAFAE7 /* TabBarController.swift */,
				41C2355424CB739D00BAFAE7 /* LinkLauncherViewController.swift */,
				41C2355624CB73AC00BAFAE7 /* HistoryViewController.swift */,
			);
			path = ViewControllers;
			sourceTree = "<group>";
		};
		41C2355824CB753600BAFAE7 /* Storage */ = {
			isa = PBXGroup;
			children = (
				41C2355924CB757D00BAFAE7 /* StorageManager.swift */,
			);
			path = Storage;
			sourceTree = "<group>";
		};
		41C2355D24CB76DC00BAFAE7 /* BusinessLogic */ = {
			isa = PBXGroup;
			children = (
				41C2355E24CB76F300BAFAE7 /* Launcher.swift */,
				41016D5E24D08072005A262E /* ApplicationEvents.swift */,
			);
			path = BusinessLogic;
			sourceTree = "<group>";
		};
		41C2356224CB77CD00BAFAE7 /* Presenters */ = {
			isa = PBXGroup;
			children = (
				41C2356324CB77E200BAFAE7 /* HistoryPresenter.swift */,
				41C2356724CB78FD00BAFAE7 /* LauncherPresenter.swift */,
			);
			path = Presenters;
			sourceTree = "<group>";
		};
		426C1E079F13F887F6D55AC9 /* Frameworks */ = {
			isa = PBXGroup;
			children = (
				CCDBF5DB0052B6A8E5362934 /* Pods_DeepLinkLauncher.framework */,
				08DF90BC50EF05C9A1D8C632 /* Pods_DeepLinkLauncherTests.framework */,
			);
			name = Frameworks;
			sourceTree = "<group>";
		};
/* End PBXGroup section */

/* Begin PBXNativeTarget section */
		410DFD3A24CB6C3B00E482FC /* DeepLinkLauncher */ = {
			isa = PBXNativeTarget;
			buildConfigurationList = 410DFD5A24CB6C4000E482FC /* Build configuration list for PBXNativeTarget "DeepLinkLauncher" */;
			buildPhases = (
				F2E224FC66885A1ED83962C4 /* [CP] Check Pods Manifest.lock */,
				410DFD3724CB6C3B00E482FC /* Sources */,
				410DFD3824CB6C3B00E482FC /* Frameworks */,
				410DFD3924CB6C3B00E482FC /* Resources */,
				50327DC3B774F6547DBADE24 /* [CP] Embed Pods Frameworks */,
			);
			buildRules = (
			);
			dependencies = (
			);
			name = DeepLinkLauncher;
			productName = DeepLinkLauncher;
			productReference = 410DFD3B24CB6C3B00E482FC /* DeepLinkLauncher.app */;
			productType = "com.apple.product-type.application";
		};
		410DFD5024CB6C3F00E482FC /* DeepLinkLauncherTests */ = {
			isa = PBXNativeTarget;
			buildConfigurationList = 410DFD5D24CB6C4000E482FC /* Build configuration list for PBXNativeTarget "DeepLinkLauncherTests" */;
			buildPhases = (
				FA9F2263AEE6262362B9A897 /* [CP] Check Pods Manifest.lock */,
				410DFD4D24CB6C3F00E482FC /* Sources */,
				410DFD4E24CB6C3F00E482FC /* Frameworks */,
				410DFD4F24CB6C3F00E482FC /* Resources */,
				E1929317973EE1C8C45DFB71 /* [CP] Embed Pods Frameworks */,
			);
			buildRules = (
			);
			dependencies = (
				410DFD5324CB6C3F00E482FC /* PBXTargetDependency */,
			);
			name = DeepLinkLauncherTests;
			productName = DeepLinkLauncherTests;
			productReference = 410DFD5124CB6C3F00E482FC /* DeepLinkLauncherTests.xctest */;
			productType = "com.apple.product-type.bundle.unit-test";
		};
/* End PBXNativeTarget section */

/* Begin PBXProject section */
		410DFD3324CB6C3B00E482FC /* Project object */ = {
			isa = PBXProject;
			attributes = {
				LastSwiftUpdateCheck = 1160;
				LastUpgradeCheck = 1160;
				ORGANIZATIONNAME = "Javier Loucim";
				TargetAttributes = {
					410DFD3A24CB6C3B00E482FC = {
						CreatedOnToolsVersion = 11.6;
					};
					410DFD5024CB6C3F00E482FC = {
						CreatedOnToolsVersion = 11.6;
						TestTargetID = 410DFD3A24CB6C3B00E482FC;
					};
				};
			};
			buildConfigurationList = 410DFD3624CB6C3B00E482FC /* Build configuration list for PBXProject "DeepLinkLauncher" */;
			compatibilityVersion = "Xcode 9.3";
			developmentRegion = en;
			hasScannedForEncodings = 0;
			knownRegions = (
				en,
				Base,
			);
			mainGroup = 410DFD3224CB6C3B00E482FC;
			productRefGroup = 410DFD3C24CB6C3B00E482FC /* Products */;
			projectDirPath = "";
			projectRoot = "";
			targets = (
				410DFD3A24CB6C3B00E482FC /* DeepLinkLauncher */,
				410DFD5024CB6C3F00E482FC /* DeepLinkLauncherTests */,
			);
		};
/* End PBXProject section */

/* Begin PBXResourcesBuildPhase section */
		410DFD3924CB6C3B00E482FC /* Resources */ = {
			isa = PBXResourcesBuildPhase;
			buildActionMask = 2147483647;
			files = (
				410DFD4B24CB6C3F00E482FC /* LaunchScreen.storyboard in Resources */,
				410DFD4824CB6C3F00E482FC /* Assets.xcassets in Resources */,
				410DFD4624CB6C3B00E482FC /* Main.storyboard in Resources */,
			);
			runOnlyForDeploymentPostprocessing = 0;
		};
		410DFD4F24CB6C3F00E482FC /* Resources */ = {
			isa = PBXResourcesBuildPhase;
			buildActionMask = 2147483647;
			files = (
			);
			runOnlyForDeploymentPostprocessing = 0;
		};
/* End PBXResourcesBuildPhase section */

/* Begin PBXShellScriptBuildPhase section */
		50327DC3B774F6547DBADE24 /* [CP] Embed Pods Frameworks */ = {
			isa = PBXShellScriptBuildPhase;
			buildActionMask = 2147483647;
			files = (
			);
			inputFileListPaths = (
				"${PODS_ROOT}/Target Support Files/Pods-DeepLinkLauncher/Pods-DeepLinkLauncher-frameworks-${CONFIGURATION}-input-files.xcfilelist",
			);
			name = "[CP] Embed Pods Frameworks";
			outputFileListPaths = (
				"${PODS_ROOT}/Target Support Files/Pods-DeepLinkLauncher/Pods-DeepLinkLauncher-frameworks-${CONFIGURATION}-output-files.xcfilelist",
			);
			runOnlyForDeploymentPostprocessing = 0;
			shellPath = /bin/sh;
			shellScript = "\"${PODS_ROOT}/Target Support Files/Pods-DeepLinkLauncher/Pods-DeepLinkLauncher-frameworks.sh\"\n";
			showEnvVarsInLog = 0;
		};
		E1929317973EE1C8C45DFB71 /* [CP] Embed Pods Frameworks */ = {
			isa = PBXShellScriptBuildPhase;
			buildActionMask = 2147483647;
			files = (
			);
			inputFileListPaths = (
				"${PODS_ROOT}/Target Support Files/Pods-DeepLinkLauncherTests/Pods-DeepLinkLauncherTests-frameworks-${CONFIGURATION}-input-files.xcfilelist",
			);
			name = "[CP] Embed Pods Frameworks";
			outputFileListPaths = (
				"${PODS_ROOT}/Target Support Files/Pods-DeepLinkLauncherTests/Pods-DeepLinkLauncherTests-frameworks-${CONFIGURATION}-output-files.xcfilelist",
			);
			runOnlyForDeploymentPostprocessing = 0;
			shellPath = /bin/sh;
			shellScript = "\"${PODS_ROOT}/Target Support Files/Pods-DeepLinkLauncherTests/Pods-DeepLinkLauncherTests-frameworks.sh\"\n";
			showEnvVarsInLog = 0;
		};
		F2E224FC66885A1ED83962C4 /* [CP] Check Pods Manifest.lock */ = {
			isa = PBXShellScriptBuildPhase;
			buildActionMask = 2147483647;
			files = (
			);
			inputFileListPaths = (
			);
			inputPaths = (
				"${PODS_PODFILE_DIR_PATH}/Podfile.lock",
				"${PODS_ROOT}/Manifest.lock",
			);
			name = "[CP] Check Pods Manifest.lock";
			outputFileListPaths = (
			);
			outputPaths = (
				"$(DERIVED_FILE_DIR)/Pods-DeepLinkLauncher-checkManifestLockResult.txt",
			);
			runOnlyForDeploymentPostprocessing = 0;
			shellPath = /bin/sh;
			shellScript = "diff \"${PODS_PODFILE_DIR_PATH}/Podfile.lock\" \"${PODS_ROOT}/Manifest.lock\" > /dev/null\nif [ $? != 0 ] ; then\n    # print error to STDERR\n    echo \"error: The sandbox is not in sync with the Podfile.lock. Run 'pod install' or update your CocoaPods installation.\" >&2\n    exit 1\nfi\n# This output is used by Xcode 'outputs' to avoid re-running this script phase.\necho \"SUCCESS\" > \"${SCRIPT_OUTPUT_FILE_0}\"\n";
			showEnvVarsInLog = 0;
		};
		FA9F2263AEE6262362B9A897 /* [CP] Check Pods Manifest.lock */ = {
			isa = PBXShellScriptBuildPhase;
			buildActionMask = 2147483647;
			files = (
			);
			inputFileListPaths = (
			);
			inputPaths = (
				"${PODS_PODFILE_DIR_PATH}/Podfile.lock",
				"${PODS_ROOT}/Manifest.lock",
			);
			name = "[CP] Check Pods Manifest.lock";
			outputFileListPaths = (
			);
			outputPaths = (
				"$(DERIVED_FILE_DIR)/Pods-DeepLinkLauncherTests-checkManifestLockResult.txt",
			);
			runOnlyForDeploymentPostprocessing = 0;
			shellPath = /bin/sh;
			shellScript = "diff \"${PODS_PODFILE_DIR_PATH}/Podfile.lock\" \"${PODS_ROOT}/Manifest.lock\" > /dev/null\nif [ $? != 0 ] ; then\n    # print error to STDERR\n    echo \"error: The sandbox is not in sync with the Podfile.lock. Run 'pod install' or update your CocoaPods installation.\" >&2\n    exit 1\nfi\n# This output is used by Xcode 'outputs' to avoid re-running this script phase.\necho \"SUCCESS\" > \"${SCRIPT_OUTPUT_FILE_0}\"\n";
			showEnvVarsInLog = 0;
		};
/* End PBXShellScriptBuildPhase section */

/* Begin PBXSourcesBuildPhase section */
		410DFD3724CB6C3B00E482FC /* Sources */ = {
			isa = PBXSourcesBuildPhase;
			buildActionMask = 2147483647;
			files = (
				41C2355524CB739D00BAFAE7 /* LinkLauncherViewController.swift in Sources */,
				41C2355324CB738D00BAFAE7 /* TabBarController.swift in Sources */,
				41C2355724CB73AC00BAFAE7 /* HistoryViewController.swift in Sources */,
				41C2355A24CB757D00BAFAE7 /* StorageManager.swift in Sources */,
				410DFD3F24CB6C3B00E482FC /* AppDelegate.swift in Sources */,
				41C2355F24CB76F300BAFAE7 /* Launcher.swift in Sources */,
				410DFD4124CB6C3B00E482FC /* SceneDelegate.swift in Sources */,
				41C2356824CB78FD00BAFAE7 /* LauncherPresenter.swift in Sources */,
				41C2356424CB77E200BAFAE7 /* HistoryPresenter.swift in Sources */,
				41016D5F24D08072005A262E /* ApplicationEvents.swift in Sources */,
			);
			runOnlyForDeploymentPostprocessing = 0;
		};
		410DFD4D24CB6C3F00E482FC /* Sources */ = {
			isa = PBXSourcesBuildPhase;
			buildActionMask = 2147483647;
			files = (
				41C2356A24CB791900BAFAE7 /* LauncherPresenterTests.swift in Sources */,
				41C2355C24CB75C500BAFAE7 /* StorageManagerTests.swift in Sources */,
				41C2356624CB780200BAFAE7 /* HistoryPresenterTests.swift in Sources */,
				41C2356124CB770F00BAFAE7 /* LauncherTests.swift in Sources */,
				41016D5D24D07C69005A262E /* Mocks.swift in Sources */,
			);
			runOnlyForDeploymentPostprocessing = 0;
		};
/* End PBXSourcesBuildPhase section */

/* Begin PBXTargetDependency section */
		410DFD5324CB6C3F00E482FC /* PBXTargetDependency */ = {
			isa = PBXTargetDependency;
			target = 410DFD3A24CB6C3B00E482FC /* DeepLinkLauncher */;
			targetProxy = 410DFD5224CB6C3F00E482FC /* PBXContainerItemProxy */;
		};
/* End PBXTargetDependency section */

/* Begin PBXVariantGroup section */
		410DFD4424CB6C3B00E482FC /* Main.storyboard */ = {
			isa = PBXVariantGroup;
			children = (
				410DFD4524CB6C3B00E482FC /* Base */,
			);
			name = Main.storyboard;
			sourceTree = "<group>";
		};
		410DFD4924CB6C3F00E482FC /* LaunchScreen.storyboard */ = {
			isa = PBXVariantGroup;
			children = (
				410DFD4A24CB6C3F00E482FC /* Base */,
			);
			name = LaunchScreen.storyboard;
			sourceTree = "<group>";
		};
/* End PBXVariantGroup section */

/* Begin XCBuildConfiguration section */
		410DFD5824CB6C4000E482FC /* Debug */ = {
			isa = XCBuildConfiguration;
			buildSettings = {
				ALWAYS_SEARCH_USER_PATHS = NO;
				CLANG_ANALYZER_NONNULL = YES;
				CLANG_ANALYZER_NUMBER_OBJECT_CONVERSION = YES_AGGRESSIVE;
				CLANG_CXX_LANGUAGE_STANDARD = "gnu++14";
				CLANG_CXX_LIBRARY = "libc++";
				CLANG_ENABLE_MODULES = YES;
				CLANG_ENABLE_OBJC_ARC = YES;
				CLANG_ENABLE_OBJC_WEAK = YES;
				CLANG_WARN_BLOCK_CAPTURE_AUTORELEASING = YES;
				CLANG_WARN_BOOL_CONVERSION = YES;
				CLANG_WARN_COMMA = YES;
				CLANG_WARN_CONSTANT_CONVERSION = YES;
				CLANG_WARN_DEPRECATED_OBJC_IMPLEMENTATIONS = YES;
				CLANG_WARN_DIRECT_OBJC_ISA_USAGE = YES_ERROR;
				CLANG_WARN_DOCUMENTATION_COMMENTS = YES;
				CLANG_WARN_EMPTY_BODY = YES;
				CLANG_WARN_ENUM_CONVERSION = YES;
				CLANG_WARN_INFINITE_RECURSION = YES;
				CLANG_WARN_INT_CONVERSION = YES;
				CLANG_WARN_NON_LITERAL_NULL_CONVERSION = YES;
				CLANG_WARN_OBJC_IMPLICIT_RETAIN_SELF = YES;
				CLANG_WARN_OBJC_LITERAL_CONVERSION = YES;
				CLANG_WARN_OBJC_ROOT_CLASS = YES_ERROR;
				CLANG_WARN_RANGE_LOOP_ANALYSIS = YES;
				CLANG_WARN_STRICT_PROTOTYPES = YES;
				CLANG_WARN_SUSPICIOUS_MOVE = YES;
				CLANG_WARN_UNGUARDED_AVAILABILITY = YES_AGGRESSIVE;
				CLANG_WARN_UNREACHABLE_CODE = YES;
				CLANG_WARN__DUPLICATE_METHOD_MATCH = YES;
				COPY_PHASE_STRIP = NO;
				DEBUG_INFORMATION_FORMAT = dwarf;
				ENABLE_STRICT_OBJC_MSGSEND = YES;
				ENABLE_TESTABILITY = YES;
				GCC_C_LANGUAGE_STANDARD = gnu11;
				GCC_DYNAMIC_NO_PIC = NO;
				GCC_NO_COMMON_BLOCKS = YES;
				GCC_OPTIMIZATION_LEVEL = 0;
				GCC_PREPROCESSOR_DEFINITIONS = (
					"DEBUG=1",
					"$(inherited)",
				);
				GCC_WARN_64_TO_32_BIT_CONVERSION = YES;
				GCC_WARN_ABOUT_RETURN_TYPE = YES_ERROR;
				GCC_WARN_UNDECLARED_SELECTOR = YES;
				GCC_WARN_UNINITIALIZED_AUTOS = YES_AGGRESSIVE;
				GCC_WARN_UNUSED_FUNCTION = YES;
				GCC_WARN_UNUSED_VARIABLE = YES;
				IPHONEOS_DEPLOYMENT_TARGET = 13.6;
				MTL_ENABLE_DEBUG_INFO = INCLUDE_SOURCE;
				MTL_FAST_MATH = YES;
				ONLY_ACTIVE_ARCH = YES;
				SDKROOT = iphoneos;
				SWIFT_ACTIVE_COMPILATION_CONDITIONS = DEBUG;
				SWIFT_OPTIMIZATION_LEVEL = "-Onone";
			};
			name = Debug;
		};
		410DFD5924CB6C4000E482FC /* Release */ = {
			isa = XCBuildConfiguration;
			buildSettings = {
				ALWAYS_SEARCH_USER_PATHS = NO;
				CLANG_ANALYZER_NONNULL = YES;
				CLANG_ANALYZER_NUMBER_OBJECT_CONVERSION = YES_AGGRESSIVE;
				CLANG_CXX_LANGUAGE_STANDARD = "gnu++14";
				CLANG_CXX_LIBRARY = "libc++";
				CLANG_ENABLE_MODULES = YES;
				CLANG_ENABLE_OBJC_ARC = YES;
				CLANG_ENABLE_OBJC_WEAK = YES;
				CLANG_WARN_BLOCK_CAPTURE_AUTORELEASING = YES;
				CLANG_WARN_BOOL_CONVERSION = YES;
				CLANG_WARN_COMMA = YES;
				CLANG_WARN_CONSTANT_CONVERSION = YES;
				CLANG_WARN_DEPRECATED_OBJC_IMPLEMENTATIONS = YES;
				CLANG_WARN_DIRECT_OBJC_ISA_USAGE = YES_ERROR;
				CLANG_WARN_DOCUMENTATION_COMMENTS = YES;
				CLANG_WARN_EMPTY_BODY = YES;
				CLANG_WARN_ENUM_CONVERSION = YES;
				CLANG_WARN_INFINITE_RECURSION = YES;
				CLANG_WARN_INT_CONVERSION = YES;
				CLANG_WARN_NON_LITERAL_NULL_CONVERSION = YES;
				CLANG_WARN_OBJC_IMPLICIT_RETAIN_SELF = YES;
				CLANG_WARN_OBJC_LITERAL_CONVERSION = YES;
				CLANG_WARN_OBJC_ROOT_CLASS = YES_ERROR;
				CLANG_WARN_RANGE_LOOP_ANALYSIS = YES;
				CLANG_WARN_STRICT_PROTOTYPES = YES;
				CLANG_WARN_SUSPICIOUS_MOVE = YES;
				CLANG_WARN_UNGUARDED_AVAILABILITY = YES_AGGRESSIVE;
				CLANG_WARN_UNREACHABLE_CODE = YES;
				CLANG_WARN__DUPLICATE_METHOD_MATCH = YES;
				COPY_PHASE_STRIP = NO;
				DEBUG_INFORMATION_FORMAT = "dwarf-with-dsym";
				ENABLE_NS_ASSERTIONS = NO;
				ENABLE_STRICT_OBJC_MSGSEND = YES;
				GCC_C_LANGUAGE_STANDARD = gnu11;
				GCC_NO_COMMON_BLOCKS = YES;
				GCC_WARN_64_TO_32_BIT_CONVERSION = YES;
				GCC_WARN_ABOUT_RETURN_TYPE = YES_ERROR;
				GCC_WARN_UNDECLARED_SELECTOR = YES;
				GCC_WARN_UNINITIALIZED_AUTOS = YES_AGGRESSIVE;
				GCC_WARN_UNUSED_FUNCTION = YES;
				GCC_WARN_UNUSED_VARIABLE = YES;
				IPHONEOS_DEPLOYMENT_TARGET = 13.6;
				MTL_ENABLE_DEBUG_INFO = NO;
				MTL_FAST_MATH = YES;
				SDKROOT = iphoneos;
				SWIFT_COMPILATION_MODE = wholemodule;
				SWIFT_OPTIMIZATION_LEVEL = "-O";
				VALIDATE_PRODUCT = YES;
			};
			name = Release;
		};
		410DFD5B24CB6C4000E482FC /* Debug */ = {
			isa = XCBuildConfiguration;
			baseConfigurationReference = 0682DBAFD0C776529D614180 /* Pods-DeepLinkLauncher.debug.xcconfig */;
			buildSettings = {
				ASSETCATALOG_COMPILER_APPICON_NAME = AppIcon;
				CODE_SIGN_STYLE = Automatic;
				DEVELOPMENT_TEAM = 3FTHS39QAD;
				INFOPLIST_FILE = DeepLinkLauncher/Info.plist;
				LD_RUNPATH_SEARCH_PATHS = (
					"$(inherited)",
					"@executable_path/Frameworks",
				);
				PRODUCT_BUNDLE_IDENTIFIER = com.qeeptouch.DeepLinkLauncher;
				PRODUCT_NAME = "$(TARGET_NAME)";
				SWIFT_VERSION = 5.0;
				TARGETED_DEVICE_FAMILY = "1,2";
			};
			name = Debug;
		};
		410DFD5C24CB6C4000E482FC /* Release */ = {
			isa = XCBuildConfiguration;
			baseConfigurationReference = 04DF84265F1E516A9B20E4BE /* Pods-DeepLinkLauncher.release.xcconfig */;
			buildSettings = {
				ASSETCATALOG_COMPILER_APPICON_NAME = AppIcon;
				CODE_SIGN_STYLE = Automatic;
				DEVELOPMENT_TEAM = 3FTHS39QAD;
				INFOPLIST_FILE = DeepLinkLauncher/Info.plist;
				LD_RUNPATH_SEARCH_PATHS = (
					"$(inherited)",
					"@executable_path/Frameworks",
				);
				PRODUCT_BUNDLE_IDENTIFIER = com.qeeptouch.DeepLinkLauncher;
				PRODUCT_NAME = "$(TARGET_NAME)";
				SWIFT_VERSION = 5.0;
				TARGETED_DEVICE_FAMILY = "1,2";
			};
			name = Release;
		};
		410DFD5E24CB6C4000E482FC /* Debug */ = {
			isa = XCBuildConfiguration;
			baseConfigurationReference = 684A1D4981B271F7CAA0A146 /* Pods-DeepLinkLauncherTests.debug.xcconfig */;
			buildSettings = {
				ALWAYS_EMBED_SWIFT_STANDARD_LIBRARIES = YES;
				BUNDLE_LOADER = "$(TEST_HOST)";
				CODE_SIGN_STYLE = Automatic;
				DEVELOPMENT_TEAM = 3FTHS39QAD;
				INFOPLIST_FILE = DeepLinkLauncherTests/Info.plist;
				IPHONEOS_DEPLOYMENT_TARGET = 13.6;
				LD_RUNPATH_SEARCH_PATHS = (
					"$(inherited)",
					"@executable_path/Frameworks",
					"@loader_path/Frameworks",
				);
				PRODUCT_BUNDLE_IDENTIFIER = com.qeeptouch.DeepLinkLauncherTests;
				PRODUCT_NAME = "$(TARGET_NAME)";
				SWIFT_VERSION = 5.0;
				TARGETED_DEVICE_FAMILY = "1,2";
				TEST_HOST = "$(BUILT_PRODUCTS_DIR)/DeepLinkLauncher.app/DeepLinkLauncher";
			};
			name = Debug;
		};
		410DFD5F24CB6C4000E482FC /* Release */ = {
			isa = XCBuildConfiguration;
			baseConfigurationReference = F2BE4B70A16B447A8FBF3442 /* Pods-DeepLinkLauncherTests.release.xcconfig */;
			buildSettings = {
				ALWAYS_EMBED_SWIFT_STANDARD_LIBRARIES = YES;
				BUNDLE_LOADER = "$(TEST_HOST)";
				CODE_SIGN_STYLE = Automatic;
				DEVELOPMENT_TEAM = 3FTHS39QAD;
				INFOPLIST_FILE = DeepLinkLauncherTests/Info.plist;
				IPHONEOS_DEPLOYMENT_TARGET = 13.6;
				LD_RUNPATH_SEARCH_PATHS = (
					"$(inherited)",
					"@executable_path/Frameworks",
					"@loader_path/Frameworks",
				);
				PRODUCT_BUNDLE_IDENTIFIER = com.qeeptouch.DeepLinkLauncherTests;
				PRODUCT_NAME = "$(TARGET_NAME)";
				SWIFT_VERSION = 5.0;
				TARGETED_DEVICE_FAMILY = "1,2";
				TEST_HOST = "$(BUILT_PRODUCTS_DIR)/DeepLinkLauncher.app/DeepLinkLauncher";
			};
			name = Release;
		};
/* End XCBuildConfiguration section */

/* Begin XCConfigurationList section */
		410DFD3624CB6C3B00E482FC /* Build configuration list for PBXProject "DeepLinkLauncher" */ = {
			isa = XCConfigurationList;
			buildConfigurations = (
				410DFD5824CB6C4000E482FC /* Debug */,
				410DFD5924CB6C4000E482FC /* Release */,
			);
			defaultConfigurationIsVisible = 0;
			defaultConfigurationName = Release;
		};
		410DFD5A24CB6C4000E482FC /* Build configuration list for PBXNativeTarget "DeepLinkLauncher" */ = {
			isa = XCConfigurationList;
			buildConfigurations = (
				410DFD5B24CB6C4000E482FC /* Debug */,
				410DFD5C24CB6C4000E482FC /* Release */,
			);
			defaultConfigurationIsVisible = 0;
			defaultConfigurationName = Release;
		};
		410DFD5D24CB6C4000E482FC /* Build configuration list for PBXNativeTarget "DeepLinkLauncherTests" */ = {
			isa = XCConfigurationList;
			buildConfigurations = (
				410DFD5E24CB6C4000E482FC /* Debug */,
				410DFD5F24CB6C4000E482FC /* Release */,
			);
			defaultConfigurationIsVisible = 0;
			defaultConfigurationName = Release;
		};
/* End XCConfigurationList section */
	};
	rootObject = 410DFD3324CB6C3B00E482FC /* Project object */;
}
